<?xml version="1.0" encoding="UTF-8"?>
<Scheme
   version = "1.3">
   <BuildAction>
      <BuildActionEntries>
         <BuildActionEntry
            buildForRunning = "YES">
            <BuildableReference
               BuildableIdentifier = "primary"
               BlueprintIdentifier = "DA72CA3A1F412B2B0068C2C5"
               BuildableName = "ExhibitionChallenge.app"
               BlueprintName = "ExhibitionChallenge"
               ReferencedContainer = "container:ExhibitionChallenge.xcodeproj">
            </BuildableReference>
         </BuildActionEntry>
      </BuildActionEntries>
   </BuildAction>
   <LaunchAction
      useCustomWorkingDirectory = "NO"
      buildConfiguration = "Debug">
      <BuildableProductRunnable>
         <BuildableReference
            BuildableIdentifier = "primary"
            BlueprintIdentifier = "DA72CA3A1F412B2B0068C2C5"
            BuildableName = "ExhibitionChallenge.app"
            BlueprintName = "ExhibitionChallenge"
            ReferencedContainer = "container:ExhibitionChallenge.xcodeproj">
         </BuildableReference>
      </BuildableProductRunnable>
   </LaunchAction>
</Scheme>
